
Microsoft Visual Studio Solution File, Format Version 12.00
# Visual Studio Version 17
VisualStudioVersion = 17.3.32519.111
MinimumVisualStudioVersion = 10.0.40219.1
Project("{9A19103F-16F7-4668-BE54-9A1E7A4F7556}") = "LeagueBuddy", "LeagueBuddy\LeagueBuddy.csproj", "{BEB44D6F-248D-43EA-AB2A-A1ED2083516E}"
EndProject
Project("{9A19103F-16F7-4668-BE54-9A1E7A4F7556}") = "LeagueBuddyConnector", "LeagueBuddyConnector\LeagueBuddyConnector.csproj", "{17A0E85C-DAE3-4945-8956-C10A01305110}"
EndProject
Global
	GlobalSection(SolutionConfigurationPlatforms) = preSolution
		Debug|Any CPU = Debug|Any CPU
		Release|Any CPU = Release|Any CPU
	EndGlobalSection
	GlobalSection(ProjectConfigurationPlatforms) = postSolution
		{BEB44D6F-248D-43EA-AB2A-A1ED2083516E}.Debug|Any CPU.ActiveCfg = Debug|Any CPU
		{BEB44D6F-248D-43EA-AB2A-A1ED2083516E}.Debug|Any CPU.Build.0 = Debug|Any CPU
		{BEB44D6F-248D-43EA-AB2A-A1ED2083516E}.Release|Any CPU.ActiveCfg = Release|Any CPU
		{BEB44D6F-248D-43EA-AB2A-A1ED2083516E}.Release|Any CPU.Build.0 = Release|Any CPU
		{17A0E85C-DAE3-4945-8956-C10A01305110}.Debug|Any CPU.ActiveCfg = Debug|Any CPU
		{17A0E85C-DAE3-4945-8956-C10A01305110}.Debug|Any CPU.Build.0 = Debug|Any CPU
		{17A0E85C-DAE3-4945-8956-C10A01305110}.Release|Any CPU.ActiveCfg = Release|Any CPU
		{17A0E85C-DAE3-4945-8956-C10A01305110}.Release|Any CPU.Build.0 = Release|Any CPU
	EndGlobalSection
	GlobalSection(SolutionProperties) = preSolution
		HideSolutionNode = FALSE
	EndGlobalSection
	GlobalSection(ExtensibilityGlobals) = postSolution
		SolutionGuid = {BE53820E-DBF4-4D14-AE50-DE0ED9932798}
	EndGlobalSection
EndGlobal
